<?xml version="1.0" encoding="utf-8"?>
<Project ToolsVersion="17.0" xmlns="http://schemas.microsoft.com/developer/msbuild/2003">
  <ItemGroup>
    <ClCompile Include="C:\Users\Usuario\Documents\Favaloro\Ayudantia\Template\main\main.cpp">
      <Filter>Source Files</Filter>
    </ClCompile>
  </ItemGroup>
  <ItemGroup>
    <CustomBuild Include="C:\Users\Usuario\Documents\Favaloro\Ayudantia\Template\main\CMakeLists.txt" />
  </ItemGroup>
  <ItemGroup>
    <Filter Include="Source Files">
      <UniqueIdentifier>{EC40B066-1BAF-37A4-A4A6-D28BE1C459D6}</UniqueIdentifier>
    </Filter>
  </ItemGroup>
</Project>
