
Microsoft Visual Studio Solution File, Format Version 12.00
# Visual Studio Version 17
Project("{8BC9CEB8-8B4A-11D0-8D11-00A0C91BC942}") = "ALL_BUILD", "ALL_BUILD.vcxproj", "{6819DCCF-F774-32E4-84D0-6960625B5350}"
	ProjectSection(ProjectDependencies) = postProject
		{19DAC7F7-2743-3CC5-A449-1BB4BC03A831} = {19DAC7F7-2743-3CC5-A449-1BB4BC03A831}
		{8CDCBE4B-0353-3581-BF3B-033B51843319} = {8CDCBE4B-0353-3581-BF3B-033B51843319}
		{F2ADB628-4342-3D15-803A-6B5F8A020678} = {F2ADB628-4342-3D15-803A-6B5F8A020678}
	EndProjectSection
EndProject
Project("{8BC9CEB8-8B4A-11D0-8D11-00A0C91BC942}") = "RUN_TESTS", "RUN_TESTS.vcxproj", "{1C82A2AF-B603-3F8F-B777-229F1D492A20}"
	ProjectSection(ProjectDependencies) = postProject
		{19DAC7F7-2743-3CC5-A449-1BB4BC03A831} = {19DAC7F7-2743-3CC5-A449-1BB4BC03A831}
	EndProjectSection
EndProject
Project("{8BC9CEB8-8B4A-11D0-8D11-00A0C91BC942}") = "ZERO_CHECK", "..\..\..\\ZERO_CHECK.vcxproj", "{19DAC7F7-2743-3CC5-A449-1BB4BC03A831}"
	ProjectSection(ProjectDependencies) = postProject
	EndProjectSection
EndProject
Project("{8BC9CEB8-8B4A-11D0-8D11-00A0C91BC942}") = "gtest", "gtest.vcxproj", "{8CDCBE4B-0353-3581-BF3B-033B51843319}"
	ProjectSection(ProjectDependencies) = postProject
		{19DAC7F7-2743-3CC5-A449-1BB4BC03A831} = {19DAC7F7-2743-3CC5-A449-1BB4BC03A831}
	EndProjectSection
EndProject
Project("{8BC9CEB8-8B4A-11D0-8D11-00A0C91BC942}") = "gtest_main", "gtest_main.vcxproj", "{F2ADB628-4342-3D15-803A-6B5F8A020678}"
	ProjectSection(ProjectDependencies) = postProject
		{19DAC7F7-2743-3CC5-A449-1BB4BC03A831} = {19DAC7F7-2743-3CC5-A449-1BB4BC03A831}
		{8CDCBE4B-0353-3581-BF3B-033B51843319} = {8CDCBE4B-0353-3581-BF3B-033B51843319}
	EndProjectSection
EndProject
Global
	GlobalSection(SolutionConfigurationPlatforms) = preSolution
		Debug|x64 = Debug|x64
		Release|x64 = Release|x64
		MinSizeRel|x64 = MinSizeRel|x64
		RelWithDebInfo|x64 = RelWithDebInfo|x64
	EndGlobalSection
	GlobalSection(ProjectConfigurationPlatforms) = postSolution
		{6819DCCF-F774-32E4-84D0-6960625B5350}.Debug|x64.ActiveCfg = Debug|x64
		{6819DCCF-F774-32E4-84D0-6960625B5350}.Release|x64.ActiveCfg = Release|x64
		{6819DCCF-F774-32E4-84D0-6960625B5350}.MinSizeRel|x64.ActiveCfg = MinSizeRel|x64
		{6819DCCF-F774-32E4-84D0-6960625B5350}.RelWithDebInfo|x64.ActiveCfg = RelWithDebInfo|x64
		{1C82A2AF-B603-3F8F-B777-229F1D492A20}.Debug|x64.ActiveCfg = Debug|x64
		{1C82A2AF-B603-3F8F-B777-229F1D492A20}.Release|x64.ActiveCfg = Release|x64
		{1C82A2AF-B603-3F8F-B777-229F1D492A20}.MinSizeRel|x64.ActiveCfg = MinSizeRel|x64
		{1C82A2AF-B603-3F8F-B777-229F1D492A20}.RelWithDebInfo|x64.ActiveCfg = RelWithDebInfo|x64
		{19DAC7F7-2743-3CC5-A449-1BB4BC03A831}.Debug|x64.ActiveCfg = Debug|x64
		{19DAC7F7-2743-3CC5-A449-1BB4BC03A831}.Debug|x64.Build.0 = Debug|x64
		{19DAC7F7-2743-3CC5-A449-1BB4BC03A831}.Release|x64.ActiveCfg = Release|x64
		{19DAC7F7-2743-3CC5-A449-1BB4BC03A831}.Release|x64.Build.0 = Release|x64
		{19DAC7F7-2743-3CC5-A449-1BB4BC03A831}.MinSizeRel|x64.ActiveCfg = MinSizeRel|x64
		{19DAC7F7-2743-3CC5-A449-1BB4BC03A831}.MinSizeRel|x64.Build.0 = MinSizeRel|x64
		{19DAC7F7-2743-3CC5-A449-1BB4BC03A831}.RelWithDebInfo|x64.ActiveCfg = RelWithDebInfo|x64
		{19DAC7F7-2743-3CC5-A449-1BB4BC03A831}.RelWithDebInfo|x64.Build.0 = RelWithDebInfo|x64
		{8CDCBE4B-0353-3581-BF3B-033B51843319}.Debug|x64.ActiveCfg = Debug|x64
		{8CDCBE4B-0353-3581-BF3B-033B51843319}.Debug|x64.Build.0 = Debug|x64
		{8CDCBE4B-0353-3581-BF3B-033B51843319}.Release|x64.ActiveCfg = Release|x64
		{8CDCBE4B-0353-3581-BF3B-033B51843319}.Release|x64.Build.0 = Release|x64
		{8CDCBE4B-0353-3581-BF3B-033B51843319}.MinSizeRel|x64.ActiveCfg = MinSizeRel|x64
		{8CDCBE4B-0353-3581-BF3B-033B51843319}.MinSizeRel|x64.Build.0 = MinSizeRel|x64
		{8CDCBE4B-0353-3581-BF3B-033B51843319}.RelWithDebInfo|x64.ActiveCfg = RelWithDebInfo|x64
		{8CDCBE4B-0353-3581-BF3B-033B51843319}.RelWithDebInfo|x64.Build.0 = RelWithDebInfo|x64
		{F2ADB628-4342-3D15-803A-6B5F8A020678}.Debug|x64.ActiveCfg = Debug|x64
		{F2ADB628-4342-3D15-803A-6B5F8A020678}.Debug|x64.Build.0 = Debug|x64
		{F2ADB628-4342-3D15-803A-6B5F8A020678}.Release|x64.ActiveCfg = Release|x64
		{F2ADB628-4342-3D15-803A-6B5F8A020678}.Release|x64.Build.0 = Release|x64
		{F2ADB628-4342-3D15-803A-6B5F8A020678}.MinSizeRel|x64.ActiveCfg = MinSizeRel|x64
		{F2ADB628-4342-3D15-803A-6B5F8A020678}.MinSizeRel|x64.Build.0 = MinSizeRel|x64
		{F2ADB628-4342-3D15-803A-6B5F8A020678}.RelWithDebInfo|x64.ActiveCfg = RelWithDebInfo|x64
		{F2ADB628-4342-3D15-803A-6B5F8A020678}.RelWithDebInfo|x64.Build.0 = RelWithDebInfo|x64
	EndGlobalSection
	GlobalSection(ExtensibilityGlobals) = postSolution
		SolutionGuid = {50BCF95A-01AD-3B96-89AF-1EF53F5BF4F8}
	EndGlobalSection
	GlobalSection(ExtensibilityAddIns) = postSolution
	EndGlobalSection
EndGlobal
