<?xml version="1.0" encoding="utf-8"?>
<Project ToolsVersion="17.0" xmlns="http://schemas.microsoft.com/developer/msbuild/2003">
  <ItemGroup>
    <CustomBuild Include="C:\Users\Usuario\Documents\Favaloro\Ayudantia\Template\unit-test\googletest-download\CMakeFiles\9ef0b1ff1093dc55746a66c5a03cc27a\googletest-mkdir.rule">
      <Filter>CMake Rules</Filter>
    </CustomBuild>
    <CustomBuild Include="C:\Users\Usuario\Documents\Favaloro\Ayudantia\Template\unit-test\googletest-download\CMakeFiles\9ef0b1ff1093dc55746a66c5a03cc27a\googletest-download.rule">
      <Filter>CMake Rules</Filter>
    </CustomBuild>
    <CustomBuild Include="C:\Users\Usuario\Documents\Favaloro\Ayudantia\Template\unit-test\googletest-download\CMakeFiles\9ef0b1ff1093dc55746a66c5a03cc27a\googletest-update.rule">
      <Filter>CMake Rules</Filter>
    </CustomBuild>
    <CustomBuild Include="C:\Users\Usuario\Documents\Favaloro\Ayudantia\Template\unit-test\googletest-download\CMakeFiles\9ef0b1ff1093dc55746a66c5a03cc27a\googletest-patch.rule">
      <Filter>CMake Rules</Filter>
    </CustomBuild>
    <CustomBuild Include="C:\Users\Usuario\Documents\Favaloro\Ayudantia\Template\unit-test\googletest-download\CMakeFiles\9ef0b1ff1093dc55746a66c5a03cc27a\googletest-configure.rule">
      <Filter>CMake Rules</Filter>
    </CustomBuild>
    <CustomBuild Include="C:\Users\Usuario\Documents\Favaloro\Ayudantia\Template\unit-test\googletest-download\CMakeFiles\9ef0b1ff1093dc55746a66c5a03cc27a\googletest-build.rule">
      <Filter>CMake Rules</Filter>
    </CustomBuild>
    <CustomBuild Include="C:\Users\Usuario\Documents\Favaloro\Ayudantia\Template\unit-test\googletest-download\CMakeFiles\9ef0b1ff1093dc55746a66c5a03cc27a\googletest-install.rule">
      <Filter>CMake Rules</Filter>
    </CustomBuild>
    <CustomBuild Include="C:\Users\Usuario\Documents\Favaloro\Ayudantia\Template\unit-test\googletest-download\CMakeFiles\9ef0b1ff1093dc55746a66c5a03cc27a\googletest-test.rule">
      <Filter>CMake Rules</Filter>
    </CustomBuild>
    <CustomBuild Include="C:\Users\Usuario\Documents\Favaloro\Ayudantia\Template\unit-test\googletest-download\CMakeFiles\e6d0e7a1ddff63dbadab64980d81fa4f\googletest-complete.rule">
      <Filter>CMake Rules</Filter>
    </CustomBuild>
    <CustomBuild Include="C:\Users\Usuario\Documents\Favaloro\Ayudantia\Template\unit-test\googletest-download\CMakeFiles\b9cd1e61cd1e1af928278be0b9f4ea92\googletest.rule">
      <Filter>CMake Rules</Filter>
    </CustomBuild>
    <CustomBuild Include="C:\Users\Usuario\Documents\Favaloro\Ayudantia\Template\unit-test\googletest-download\CMakeLists.txt" />
  </ItemGroup>
  <ItemGroup>
    <None Include="C:\Users\Usuario\Documents\Favaloro\Ayudantia\Template\unit-test\googletest-download\CMakeFiles\googletest" />
  </ItemGroup>
  <ItemGroup>
    <Filter Include="CMake Rules">
      <UniqueIdentifier>{FBAD0A39-8CFB-3FD4-9061-089E31FDA083}</UniqueIdentifier>
    </Filter>
  </ItemGroup>
</Project>
